<?xml version="1.0" encoding="utf-8"?>
<Project ToolsVersion="4.0" xmlns="http://schemas.microsoft.com/developer/msbuild/2003">
  <ItemGroup>
    <Filter Include="Source Files">
      <UniqueIdentifier>{4FC737F1-C7A5-4376-A066-2A32D752A2FF}</UniqueIdentifier>
      <Extensions>cpp;c;cc;cxx;c++;cppm;ixx;def;odl;idl;hpj;bat;asm;asmx</Extensions>
    </Filter>
    <Filter Include="Header Files">
      <UniqueIdentifier>{93995380-89BD-4b04-88EB-625FBE52EBFB}</UniqueIdentifier>
      <Extensions>h;hh;hpp;hxx;h++;hm;inl;inc;ipp;xsd</Extensions>
    </Filter>
    <Filter Include="Resource Files">
      <UniqueIdentifier>{67DA6AB6-F800-4c08-8B7A-83BB121AAD01}</UniqueIdentifier>
      <Extensions>rc;ico;cur;bmp;dlg;rc2;rct;bin;rgs;gif;jpg;jpeg;jpe;resx;tiff;tif;png;wav;mfcribbon-ms</Extensions>
    </Filter>
  </ItemGroup>
  <ItemGroup>
    <ClCompile Include="TACSimulator.cpp">
      <Filter>Source Files</Filter>
    </ClCompile>
    <ClCompile Include="src\Assembler\Lexer.cpp">
      <Filter>Source Files</Filter>
    </ClCompile>
    <ClCompile Include="src\Assembler\Assembler.cpp">
      <Filter>Source Files</Filter>
    </ClCompile>
    <ClCompile Include="src\Assembler\Parser.cpp">
      <Filter>Source Files</Filter>
    </ClCompile>
  </ItemGroup>
  <ItemGroup>
    <ClInclude Include="include\Assembler\Lexer.h">
      <Filter>Header Files</Filter>
    </ClInclude>
    <ClInclude Include="include\Assembler\Token.h">
      <Filter>Header Files</Filter>
    </ClInclude>
    <ClInclude Include="include\Assembler\Assembler.h">
      <Filter>Header Files</Filter>
    </ClInclude>
    <ClInclude Include="include\Assembler\Inst\Inst.h">
      <Filter>Header Files</Filter>
    </ClInclude>
    <ClInclude Include="include\Assembler\Parser.h">
      <Filter>Header Files</Filter>
    </ClInclude>
    <ClInclude Include="include\Assembler\Inst\Register\DivMult.h">
      <Filter>Header Files</Filter>
    </ClInclude>
    <ClInclude Include="include\Assembler\Inst\Register\ArithLog.h">
      <Filter>Header Files</Filter>
    </ClInclude>
    <ClInclude Include="include\Assembler\Inst\Register\Shift.h">
      <Filter>Header Files</Filter>
    </ClInclude>
    <ClInclude Include="include\Assembler\Inst\Register\ShiftV.h">
      <Filter>Header Files</Filter>
    </ClInclude>
    <ClInclude Include="include\Assembler\Inst\Jump\JumpR.h">
      <Filter>Header Files</Filter>
    </ClInclude>
    <ClInclude Include="include\Assembler\Inst\Immediate\ArithLogI.h">
      <Filter>Header Files</Filter>
    </ClInclude>
    <ClInclude Include="include\Assembler\Inst\Immediate\Branch.h">
      <Filter>Header Files</Filter>
    </ClInclude>
    <ClInclude Include="include\Assembler\Inst\Immediate\BranchZ.h">
      <Filter>Header Files</Filter>
    </ClInclude>
    <ClInclude Include="include\Assembler\Inst\Immediate\LoadStore.h">
      <Filter>Header Files</Filter>
    </ClInclude>
    <ClInclude Include="include\Assembler\Inst\Jump\Jump.h">
      <Filter>Header Files</Filter>
    </ClInclude>
    <ClInclude Include="include\Assembler\Inst\Move\Move.h">
      <Filter>Header Files</Filter>
    </ClInclude>
    <ClInclude Include="include\Assembler\Inst\Move\MoveI.h">
      <Filter>Header Files</Filter>
    </ClInclude>
  </ItemGroup>
</Project>