<?xml version="1.0" encoding="utf-8"?>
<Project ToolsVersion="4.0" xmlns="http://schemas.microsoft.com/developer/msbuild/2003">
  <ItemGroup>
    <Filter Include="Source Files">
      <UniqueIdentifier>{4FC737F1-C7A5-4376-A066-2A32D752A2FF}</UniqueIdentifier>
      <Extensions>cpp;c;cc;cxx;c++;cppm;ixx;def;odl;idl;hpj;bat;asm;asmx</Extensions>
    </Filter>
    <Filter Include="Header Files">
      <UniqueIdentifier>{93995380-89BD-4b04-88EB-625FBE52EBFB}</UniqueIdentifier>
      <Extensions>h;hh;hpp;hxx;h++;hm;inl;inc;ipp;xsd</Extensions>
    </Filter>
    <Filter Include="Resource Files">
      <UniqueIdentifier>{67DA6AB6-F800-4c08-8B7A-83BB121AAD01}</UniqueIdentifier>
      <Extensions>rc;ico;cur;bmp;dlg;rc2;rct;bin;rgs;gif;jpg;jpeg;jpe;resx;tiff;tif;png;wav;mfcribbon-ms</Extensions>
    </Filter>
    <Filter Include="assemblyFiles">
      <UniqueIdentifier>{190f94a5-f060-4ef7-9e86-b6cfe628f25f}</UniqueIdentifier>
    </Filter>
    <Filter Include="assemblyFiles\output">
      <UniqueIdentifier>{5931baea-84f6-4769-8339-9b794de710a6}</UniqueIdentifier>
    </Filter>
  </ItemGroup>
  <ItemGroup>
    <ClCompile Include="TACSimulator.cpp">
      <Filter>Source Files</Filter>
    </ClCompile>
    <ClCompile Include="src\Assembler\Lexer.cpp">
      <Filter>Source Files</Filter>
    </ClCompile>
    <ClCompile Include="src\Assembler\Assembler.cpp">
      <Filter>Source Files</Filter>
    </ClCompile>
    <ClCompile Include="src\Assembler\Parser.cpp">
      <Filter>Source Files</Filter>
    </ClCompile>
    <ClCompile Include="src\Assembler\Inst.cpp">
      <Filter>Source Files</Filter>
    </ClCompile>
    <ClCompile Include="src\Simulator\Simulator.cpp">
      <Filter>Source Files</Filter>
    </ClCompile>
  </ItemGroup>
  <ItemGroup>
    <ClInclude Include="include\Assembler\Lexer.h">
      <Filter>Header Files</Filter>
    </ClInclude>
    <ClInclude Include="include\Assembler\Token.h">
      <Filter>Header Files</Filter>
    </ClInclude>
    <ClInclude Include="include\Assembler\Assembler.h">
      <Filter>Header Files</Filter>
    </ClInclude>
    <ClInclude Include="include\Assembler\Inst.h">
      <Filter>Header Files</Filter>
    </ClInclude>
    <ClInclude Include="include\Assembler\Parser.h">
      <Filter>Header Files</Filter>
    </ClInclude>
    <ClInclude Include="include\Simulator\Simulator.h">
      <Filter>Header Files</Filter>
    </ClInclude>
    <ClInclude Include="include\Simulator\SimulatorEnums.h">
      <Filter>Header Files</Filter>
    </ClInclude>
  </ItemGroup>
  <ItemGroup>
    <None Include="assemblyFiles\branchInst.asm">
      <Filter>assemblyFiles</Filter>
    </None>
    <None Include="assemblyFiles\jumpLink.asm">
      <Filter>assemblyFiles</Filter>
    </None>
    <None Include="assemblyFiles\loopGreaterThan.asm">
      <Filter>assemblyFiles</Filter>
    </None>
    <None Include="assemblyFiles\loopLessThan.asm">
      <Filter>assemblyFiles</Filter>
    </None>
    <None Include="assemblyFiles\malloc.asm">
      <Filter>assemblyFiles</Filter>
    </None>
    <None Include="assemblyFiles\memInst.asm">
      <Filter>assemblyFiles</Filter>
    </None>
    <None Include="assemblyFiles\printInt.asm">
      <Filter>assemblyFiles</Filter>
    </None>
    <None Include="assemblyFiles\output\branchInst.out">
      <Filter>assemblyFiles\output</Filter>
    </None>
    <None Include="assemblyFiles\output\jumpLink.out">
      <Filter>assemblyFiles\output</Filter>
    </None>
    <None Include="assemblyFiles\output\loopGreaterThan.out">
      <Filter>assemblyFiles\output</Filter>
    </None>
    <None Include="assemblyFiles\output\loopLessThan.out">
      <Filter>assemblyFiles\output</Filter>
    </None>
    <None Include="assemblyFiles\output\memInst.out">
      <Filter>assemblyFiles\output</Filter>
    </None>
    <None Include="assemblyFiles\output\printInt.out">
      <Filter>assemblyFiles\output</Filter>
    </None>
    <None Include="assemblyFiles\output\regInsn.out">
      <Filter>assemblyFiles\output</Filter>
    </None>
  </ItemGroup>
</Project>